// !$*UTF8*$!
{
	archiveVersion = 1;
	classes = {
	};
	objectVersion = 50;
	objects = {

/* Begin PBXBuildFile section */
		64E20B299D23C1BD81A39BA8 /* libPods-CinemaAdvice.a in Frameworks */ = {isa = PBXBuildFile; fileRef = A4134CD04F57BA12A091F1DF /* libPods-CinemaAdvice.a */; };
		C42B28FF20ACB12E00D65452 /* LoginViewController.swift in Sources */ = {isa = PBXBuildFile; fileRef = C42B28FE20ACB12E00D65452 /* LoginViewController.swift */; };
		C43E132820AB8F9B0008A275 /* Assets.xcassets in Resources */ = {isa = PBXBuildFile; fileRef = C43E132720AB8F9A0008A275 /* Assets.xcassets */; };
		C44E04F0208DD5770017D408 /* ButtonAnimationExtension.swift in Sources */ = {isa = PBXBuildFile; fileRef = C44E04EF208DD5770017D408 /* ButtonAnimationExtension.swift */; };
		C45DBA1520A734FD004F5711 /* GoogleService-Info.plist in Resources */ = {isa = PBXBuildFile; fileRef = C45DBA1420A734FD004F5711 /* GoogleService-Info.plist */; };
		C45DBA1720A75FA1004F5711 /* SearchResultFire.swift in Sources */ = {isa = PBXBuildFile; fileRef = C45DBA1620A75FA1004F5711 /* SearchResultFire.swift */; };
		C45DBA1920A84B81004F5711 /* FiltersViewController.swift in Sources */ = {isa = PBXBuildFile; fileRef = C45DBA1820A84B81004F5711 /* FiltersViewController.swift */; };
		C479AEE9207E6F1D00B8A1C9 /* AppDelegate.swift in Sources */ = {isa = PBXBuildFile; fileRef = C479AEE8207E6F1D00B8A1C9 /* AppDelegate.swift */; };
		C479AEEB207E6F1D00B8A1C9 /* FirstViewController.swift in Sources */ = {isa = PBXBuildFile; fileRef = C479AEEA207E6F1D00B8A1C9 /* FirstViewController.swift */; };
		C479AEED207E6F1D00B8A1C9 /* SecondViewController.swift in Sources */ = {isa = PBXBuildFile; fileRef = C479AEEC207E6F1D00B8A1C9 /* SecondViewController.swift */; };
		C479AEF0207E6F1D00B8A1C9 /* Main.storyboard in Resources */ = {isa = PBXBuildFile; fileRef = C479AEEE207E6F1D00B8A1C9 /* Main.storyboard */; };
		C479AF01207E719F00B8A1C9 /* SecondItem.storyboard in Resources */ = {isa = PBXBuildFile; fileRef = C479AEFF207E719F00B8A1C9 /* SecondItem.storyboard */; };
		C479AF05207E73FA00B8A1C9 /* ThirdViewController.swift in Sources */ = {isa = PBXBuildFile; fileRef = C479AF04207E73FA00B8A1C9 /* ThirdViewController.swift */; };
		C479AF0F207E8D3100B8A1C9 /* LibraryCell.swift in Sources */ = {isa = PBXBuildFile; fileRef = C479AF0C207E8D3100B8A1C9 /* LibraryCell.swift */; };
		C479AF11207E8D3100B8A1C9 /* UIImageView+DownloadImage.swift in Sources */ = {isa = PBXBuildFile; fileRef = C479AF0E207E8D3100B8A1C9 /* UIImageView+DownloadImage.swift */; };
		C479AF17207F428100B8A1C9 /* SearchResultCell.swift in Sources */ = {isa = PBXBuildFile; fileRef = C479AF16207F428100B8A1C9 /* SearchResultCell.swift */; };
		C4B577492289F69A00C0643C /* Localizable.strings in Resources */ = {isa = PBXBuildFile; fileRef = C4B5774B2289F69A00C0643C /* Localizable.strings */; };
		C4B577512289FB3E00C0643C /* LaunchScreen.storyboard in Resources */ = {isa = PBXBuildFile; fileRef = C4B577532289FB3E00C0643C /* LaunchScreen.storyboard */; };
		C4C874AF20ACB4F8007B4A27 /* User.swift in Sources */ = {isa = PBXBuildFile; fileRef = C4C874AE20ACB4F8007B4A27 /* User.swift */; };
		C4CB6B2E208A24D900596266 /* DetailViewController.swift in Sources */ = {isa = PBXBuildFile; fileRef = C4CB6B2D208A24D900596266 /* DetailViewController.swift */; };
		C4CB6B30208A59ED00596266 /* SearchCollectionReusableView.swift in Sources */ = {isa = PBXBuildFile; fileRef = C4CB6B2F208A59ED00596266 /* SearchCollectionReusableView.swift */; };
		C4CB6B36208B4E2200596266 /* SelectionResultViewController.swift in Sources */ = {isa = PBXBuildFile; fileRef = C4CB6B35208B4E2200596266 /* SelectionResultViewController.swift */; };
		C4E6C3AC20AADACB0038F5F7 /* GenresViewController.swift in Sources */ = {isa = PBXBuildFile; fileRef = C4E6C3AB20AADACB0038F5F7 /* GenresViewController.swift */; };
		C4E979B02289BAE700DBA0DD /* ThirdItem.storyboard in Resources */ = {isa = PBXBuildFile; fileRef = C4E979B22289BAE700DBA0DD /* ThirdItem.storyboard */; };
		C4E979B92289BC3500DBA0DD /* LibraryCell.xib in Resources */ = {isa = PBXBuildFile; fileRef = C4E979BB2289BC3500DBA0DD /* LibraryCell.xib */; };
		C4E979C02289BCCE00DBA0DD /* LoadingCell.xib in Resources */ = {isa = PBXBuildFile; fileRef = C4E979C22289BCCE00DBA0DD /* LoadingCell.xib */; };
		C4E979CB2289BD6A00DBA0DD /* NothingFoundCell.xib in Resources */ = {isa = PBXBuildFile; fileRef = C4E979CD2289BD6A00DBA0DD /* NothingFoundCell.xib */; };
/* End PBXBuildFile section */

/* Begin PBXFileReference section */
		A4134CD04F57BA12A091F1DF /* libPods-CinemaAdvice.a */ = {isa = PBXFileReference; explicitFileType = archive.ar; includeInIndex = 0; path = "libPods-CinemaAdvice.a"; sourceTree = BUILT_PRODUCTS_DIR; };
		C42B28FE20ACB12E00D65452 /* LoginViewController.swift */ = {isa = PBXFileReference; lastKnownFileType = sourcecode.swift; path = LoginViewController.swift; sourceTree = "<group>"; };
		C43C81FF22897505007A9973 /* ru */ = {isa = PBXFileReference; lastKnownFileType = text.plist.strings; name = ru; path = ru.lproj/Main.strings; sourceTree = "<group>"; };
		C43E132720AB8F9A0008A275 /* Assets.xcassets */ = {isa = PBXFileReference; lastKnownFileType = folder.assetcatalog; path = Assets.xcassets; sourceTree = "<group>"; };
		C44E04EF208DD5770017D408 /* ButtonAnimationExtension.swift */ = {isa = PBXFileReference; lastKnownFileType = sourcecode.swift; path = ButtonAnimationExtension.swift; sourceTree = "<group>"; };
		C44FFEED2288C6D00010B5B0 /* en */ = {isa = PBXFileReference; lastKnownFileType = text.plist.strings; name = en; path = en.lproj/Main.strings; sourceTree = "<group>"; };
		C45DBA1420A734FD004F5711 /* GoogleService-Info.plist */ = {isa = PBXFileReference; fileEncoding = 4; lastKnownFileType = text.plist.xml; path = "GoogleService-Info.plist"; sourceTree = "<group>"; };
		C45DBA1620A75FA1004F5711 /* SearchResultFire.swift */ = {isa = PBXFileReference; lastKnownFileType = sourcecode.swift; path = SearchResultFire.swift; sourceTree = "<group>"; };
		C45DBA1820A84B81004F5711 /* FiltersViewController.swift */ = {isa = PBXFileReference; lastKnownFileType = sourcecode.swift; path = FiltersViewController.swift; sourceTree = "<group>"; };
		C479AEE5207E6F1D00B8A1C9 /* CinemaAdvice.app */ = {isa = PBXFileReference; explicitFileType = wrapper.application; includeInIndex = 0; path = CinemaAdvice.app; sourceTree = BUILT_PRODUCTS_DIR; };
		C479AEE8207E6F1D00B8A1C9 /* AppDelegate.swift */ = {isa = PBXFileReference; lastKnownFileType = sourcecode.swift; path = AppDelegate.swift; sourceTree = "<group>"; };
		C479AEEA207E6F1D00B8A1C9 /* FirstViewController.swift */ = {isa = PBXFileReference; lastKnownFileType = sourcecode.swift; path = FirstViewController.swift; sourceTree = "<group>"; };
		C479AEEC207E6F1D00B8A1C9 /* SecondViewController.swift */ = {isa = PBXFileReference; lastKnownFileType = sourcecode.swift; path = SecondViewController.swift; sourceTree = "<group>"; };
		C479AEEF207E6F1D00B8A1C9 /* Base */ = {isa = PBXFileReference; lastKnownFileType = file.storyboard; name = Base; path = Base.lproj/Main.storyboard; sourceTree = "<group>"; };
		C479AEF6207E6F1F00B8A1C9 /* Info.plist */ = {isa = PBXFileReference; lastKnownFileType = text.plist.xml; path = Info.plist; sourceTree = "<group>"; };
		C479AF00207E719F00B8A1C9 /* Base */ = {isa = PBXFileReference; lastKnownFileType = file.storyboard; name = Base; path = CinemaAdvice/Resources/Base.lproj/SecondItem.storyboard; sourceTree = "<group>"; };
		C479AF04207E73FA00B8A1C9 /* ThirdViewController.swift */ = {isa = PBXFileReference; lastKnownFileType = sourcecode.swift; path = ThirdViewController.swift; sourceTree = "<group>"; };
		C479AF0C207E8D3100B8A1C9 /* LibraryCell.swift */ = {isa = PBXFileReference; fileEncoding = 4; lastKnownFileType = sourcecode.swift; path = LibraryCell.swift; sourceTree = "<group>"; };
		C479AF0E207E8D3100B8A1C9 /* UIImageView+DownloadImage.swift */ = {isa = PBXFileReference; fileEncoding = 4; lastKnownFileType = sourcecode.swift; path = "UIImageView+DownloadImage.swift"; sourceTree = "<group>"; };
		C479AF16207F428100B8A1C9 /* SearchResultCell.swift */ = {isa = PBXFileReference; lastKnownFileType = sourcecode.swift; path = SearchResultCell.swift; sourceTree = "<group>"; };
		C4B5774A2289F69A00C0643C /* en */ = {isa = PBXFileReference; lastKnownFileType = text.plist.strings; name = en; path = en.lproj/Localizable.strings; sourceTree = "<group>"; };
		C4B5774D2289F75600C0643C /* ru */ = {isa = PBXFileReference; lastKnownFileType = text.plist.strings; name = ru; path = ru.lproj/Localizable.strings; sourceTree = "<group>"; };
		C4B577572289FBBB00C0643C /* Base */ = {isa = PBXFileReference; lastKnownFileType = file.storyboard; name = Base; path = Base.lproj/LaunchScreen.storyboard; sourceTree = "<group>"; };
		C4B577582289FBC800C0643C /* en */ = {isa = PBXFileReference; lastKnownFileType = text.plist.strings; name = en; path = en.lproj/LaunchScreen.strings; sourceTree = "<group>"; };
		C4B577592289FBCD00C0643C /* ru */ = {isa = PBXFileReference; lastKnownFileType = text.plist.strings; name = ru; path = ru.lproj/LaunchScreen.strings; sourceTree = "<group>"; };
		C4C874AE20ACB4F8007B4A27 /* User.swift */ = {isa = PBXFileReference; lastKnownFileType = sourcecode.swift; path = User.swift; sourceTree = "<group>"; };
		C4C874B020ACBBAE007B4A27 /* CinemaAdvice.entitlements */ = {isa = PBXFileReference; lastKnownFileType = text.plist.entitlements; path = CinemaAdvice.entitlements; sourceTree = "<group>"; };
		C4CB6B2D208A24D900596266 /* DetailViewController.swift */ = {isa = PBXFileReference; lastKnownFileType = sourcecode.swift; path = DetailViewController.swift; sourceTree = "<group>"; };
		C4CB6B2F208A59ED00596266 /* SearchCollectionReusableView.swift */ = {isa = PBXFileReference; lastKnownFileType = sourcecode.swift; path = SearchCollectionReusableView.swift; sourceTree = "<group>"; };
		C4CB6B35208B4E2200596266 /* SelectionResultViewController.swift */ = {isa = PBXFileReference; lastKnownFileType = sourcecode.swift; path = SelectionResultViewController.swift; sourceTree = "<group>"; };
		C4E6C3AB20AADACB0038F5F7 /* GenresViewController.swift */ = {isa = PBXFileReference; lastKnownFileType = sourcecode.swift; path = GenresViewController.swift; sourceTree = "<group>"; };
		C4E979AD2289B85600DBA0DD /* en */ = {isa = PBXFileReference; lastKnownFileType = text.plist.strings; name = en; path = CinemaAdvice/Resources/en.lproj/SecondItem.strings; sourceTree = "<group>"; };
		C4E979AF2289B8BF00DBA0DD /* ru */ = {isa = PBXFileReference; lastKnownFileType = text.plist.strings; name = ru; path = CinemaAdvice/Resources/ru.lproj/SecondItem.strings; sourceTree = "<group>"; };
		C4E979B12289BAE700DBA0DD /* Base */ = {isa = PBXFileReference; lastKnownFileType = file.storyboard; name = Base; path = Base.lproj/ThirdItem.storyboard; sourceTree = "<group>"; };
		C4E979B62289BB5900DBA0DD /* en */ = {isa = PBXFileReference; lastKnownFileType = text.plist.strings; name = en; path = en.lproj/ThirdItem.strings; sourceTree = "<group>"; };
		C4E979B82289BB6300DBA0DD /* ru */ = {isa = PBXFileReference; lastKnownFileType = text.plist.strings; name = ru; path = ru.lproj/ThirdItem.strings; sourceTree = "<group>"; };
		C4E979BA2289BC3500DBA0DD /* Base */ = {isa = PBXFileReference; lastKnownFileType = file.xib; name = Base; path = Base.lproj/LibraryCell.xib; sourceTree = "<group>"; };
		C4E979BD2289BC3700DBA0DD /* en */ = {isa = PBXFileReference; lastKnownFileType = text.plist.strings; name = en; path = en.lproj/LibraryCell.strings; sourceTree = "<group>"; };
		C4E979BF2289BC4000DBA0DD /* ru */ = {isa = PBXFileReference; lastKnownFileType = text.plist.strings; name = ru; path = ru.lproj/LibraryCell.strings; sourceTree = "<group>"; };
		C4E979C12289BCCE00DBA0DD /* Base */ = {isa = PBXFileReference; lastKnownFileType = file.xib; name = Base; path = Base.lproj/LoadingCell.xib; sourceTree = "<group>"; };
		C4E979C42289BCD700DBA0DD /* en */ = {isa = PBXFileReference; lastKnownFileType = text.plist.strings; name = en; path = en.lproj/LoadingCell.strings; sourceTree = "<group>"; };
		C4E979C62289BCF700DBA0DD /* ru */ = {isa = PBXFileReference; lastKnownFileType = text.plist.strings; name = ru; path = ru.lproj/LoadingCell.strings; sourceTree = "<group>"; };
		C4E979CC2289BD6A00DBA0DD /* Base */ = {isa = PBXFileReference; lastKnownFileType = file.xib; name = Base; path = Base.lproj/NothingFoundCell.xib; sourceTree = "<group>"; };
		C4E979CF2289BD6D00DBA0DD /* en */ = {isa = PBXFileReference; lastKnownFileType = text.plist.strings; name = en; path = en.lproj/NothingFoundCell.strings; sourceTree = "<group>"; };
		C4E979D12289BD6F00DBA0DD /* ru */ = {isa = PBXFileReference; lastKnownFileType = text.plist.strings; name = ru; path = ru.lproj/NothingFoundCell.strings; sourceTree = "<group>"; };
		DFA67476831D07E8A9804353 /* Pods-CinemaAdvice.release.xcconfig */ = {isa = PBXFileReference; includeInIndex = 1; lastKnownFileType = text.xcconfig; name = "Pods-CinemaAdvice.release.xcconfig"; path = "Pods/Target Support Files/Pods-CinemaAdvice/Pods-CinemaAdvice.release.xcconfig"; sourceTree = "<group>"; };
		EF0A3B6CEF04D9352D4A82A2 /* Pods-CinemaAdvice.debug.xcconfig */ = {isa = PBXFileReference; includeInIndex = 1; lastKnownFileType = text.xcconfig; name = "Pods-CinemaAdvice.debug.xcconfig"; path = "Pods/Target Support Files/Pods-CinemaAdvice/Pods-CinemaAdvice.debug.xcconfig"; sourceTree = "<group>"; };
/* End PBXFileReference section */

/* Begin PBXFrameworksBuildPhase section */
		C479AEE2207E6F1D00B8A1C9 /* Frameworks */ = {
			isa = PBXFrameworksBuildPhase;
			buildActionMask = 2147483647;
			files = (
				64E20B299D23C1BD81A39BA8 /* libPods-CinemaAdvice.a in Frameworks */,
			);
			runOnlyForDeploymentPostprocessing = 0;
		};
/* End PBXFrameworksBuildPhase section */

/* Begin PBXGroup section */
		A7097AAA4543CB9968128EE1 /* Frameworks */ = {
			isa = PBXGroup;
			children = (
				A4134CD04F57BA12A091F1DF /* libPods-CinemaAdvice.a */,
			);
			name = Frameworks;
			sourceTree = "<group>";
		};
		C479AEDC207E6F1D00B8A1C9 = {
			isa = PBXGroup;
			children = (
				C479AEE7207E6F1D00B8A1C9 /* CinemaAdvice */,
				C479AEE6207E6F1D00B8A1C9 /* Products */,
				F126FB6F1872C47F25644434 /* Pods */,
				A7097AAA4543CB9968128EE1 /* Frameworks */,
			);
			sourceTree = "<group>";
		};
		C479AEE6207E6F1D00B8A1C9 /* Products */ = {
			isa = PBXGroup;
			children = (
				C479AEE5207E6F1D00B8A1C9 /* CinemaAdvice.app */,
			);
			name = Products;
			sourceTree = "<group>";
		};
		C479AEE7207E6F1D00B8A1C9 /* CinemaAdvice */ = {
			isa = PBXGroup;
			children = (
				C4C874B020ACBBAE007B4A27 /* CinemaAdvice.entitlements */,
				C479AEFE207E70AA00B8A1C9 /* Data Models */,
				C479AEFD207E709100B8A1C9 /* View Controllers */,
				C479AEFC207E707100B8A1C9 /* Resources */,
				C479AEE8207E6F1D00B8A1C9 /* AppDelegate.swift */,
				C479AEF6207E6F1F00B8A1C9 /* Info.plist */,
				C45DBA1420A734FD004F5711 /* GoogleService-Info.plist */,
				C4B5774B2289F69A00C0643C /* Localizable.strings */,
			);
			path = CinemaAdvice;
			sourceTree = "<group>";
		};
		C479AEFC207E707100B8A1C9 /* Resources */ = {
			isa = PBXGroup;
			children = (
				C479AEEE207E6F1D00B8A1C9 /* Main.storyboard */,
				C479AEFF207E719F00B8A1C9 /* SecondItem.storyboard */,
				C4E979B22289BAE700DBA0DD /* ThirdItem.storyboard */,
				C4E979BB2289BC3500DBA0DD /* LibraryCell.xib */,
				C4E979C22289BCCE00DBA0DD /* LoadingCell.xib */,
				C4E979CD2289BD6A00DBA0DD /* NothingFoundCell.xib */,
				C4B577532289FB3E00C0643C /* LaunchScreen.storyboard */,
				C43E132720AB8F9A0008A275 /* Assets.xcassets */,
			);
			path = Resources;
			sourceTree = "<group>";
		};
		C479AEFD207E709100B8A1C9 /* View Controllers */ = {
			isa = PBXGroup;
			children = (
				C42B28FE20ACB12E00D65452 /* LoginViewController.swift */,
				C479AEEA207E6F1D00B8A1C9 /* FirstViewController.swift */,
				C4CB6B2D208A24D900596266 /* DetailViewController.swift */,
				C45DBA1820A84B81004F5711 /* FiltersViewController.swift */,
				C4E6C3AB20AADACB0038F5F7 /* GenresViewController.swift */,
				C479AEEC207E6F1D00B8A1C9 /* SecondViewController.swift */,
				C4CB6B35208B4E2200596266 /* SelectionResultViewController.swift */,
				C479AF04207E73FA00B8A1C9 /* ThirdViewController.swift */,
				C4CB6B2F208A59ED00596266 /* SearchCollectionReusableView.swift */,
				C44E04EF208DD5770017D408 /* ButtonAnimationExtension.swift */,
			);
			path = "View Controllers";
			sourceTree = "<group>";
		};
		C479AEFE207E70AA00B8A1C9 /* Data Models */ = {
			isa = PBXGroup;
			children = (
				C45DBA1620A75FA1004F5711 /* SearchResultFire.swift */,
				C479AF16207F428100B8A1C9 /* SearchResultCell.swift */,
				C479AF0C207E8D3100B8A1C9 /* LibraryCell.swift */,
				C479AF0E207E8D3100B8A1C9 /* UIImageView+DownloadImage.swift */,
				C4C874AE20ACB4F8007B4A27 /* User.swift */,
			);
			path = "Data Models";
			sourceTree = "<group>";
		};
		F126FB6F1872C47F25644434 /* Pods */ = {
			isa = PBXGroup;
			children = (
				EF0A3B6CEF04D9352D4A82A2 /* Pods-CinemaAdvice.debug.xcconfig */,
				DFA67476831D07E8A9804353 /* Pods-CinemaAdvice.release.xcconfig */,
			);
			name = Pods;
			sourceTree = "<group>";
		};
/* End PBXGroup section */

/* Begin PBXNativeTarget section */
		C479AEE4207E6F1D00B8A1C9 /* CinemaAdvice */ = {
			isa = PBXNativeTarget;
			buildConfigurationList = C479AEF9207E6F1F00B8A1C9 /* Build configuration list for PBXNativeTarget "CinemaAdvice" */;
			buildPhases = (
				521784F9728DBC3F6D86AB72 /* [CP] Check Pods Manifest.lock */,
				C479AEE1207E6F1D00B8A1C9 /* Sources */,
				C479AEE2207E6F1D00B8A1C9 /* Frameworks */,
				C479AEE3207E6F1D00B8A1C9 /* Resources */,
			);
			buildRules = (
			);
			dependencies = (
			);
			name = CinemaAdvice;
			productName = CinemaAdvice;
			productReference = C479AEE5207E6F1D00B8A1C9 /* CinemaAdvice.app */;
			productType = "com.apple.product-type.application";
		};
/* End PBXNativeTarget section */

/* Begin PBXProject section */
		C479AEDD207E6F1D00B8A1C9 /* Project object */ = {
			isa = PBXProject;
			attributes = {
				LastSwiftUpdateCheck = 0930;
				LastUpgradeCheck = 0930;
				ORGANIZATIONNAME = "Eugene Gordeev";
				TargetAttributes = {
					C479AEE4207E6F1D00B8A1C9 = {
						CreatedOnToolsVersion = 9.3;
						LastSwiftMigration = 1020;
						SystemCapabilities = {
							com.apple.Keychain = {
								enabled = 1;
							};
						};
					};
				};
			};
			buildConfigurationList = C479AEE0207E6F1D00B8A1C9 /* Build configuration list for PBXProject "CinemaAdvice" */;
			compatibilityVersion = "Xcode 9.3";
			developmentRegion = en;
			hasScannedForEncodings = 0;
			knownRegions = (
				en,
				Base,
				ru,
				global,
			);
			mainGroup = C479AEDC207E6F1D00B8A1C9;
			productRefGroup = C479AEE6207E6F1D00B8A1C9 /* Products */;
			projectDirPath = "";
			projectRoot = "";
			targets = (
				C479AEE4207E6F1D00B8A1C9 /* CinemaAdvice */,
			);
		};
/* End PBXProject section */

/* Begin PBXResourcesBuildPhase section */
		C479AEE3207E6F1D00B8A1C9 /* Resources */ = {
			isa = PBXResourcesBuildPhase;
			buildActionMask = 2147483647;
			files = (
				C4E979CB2289BD6A00DBA0DD /* NothingFoundCell.xib in Resources */,
				C4B577512289FB3E00C0643C /* LaunchScreen.storyboard in Resources */,
				C45DBA1520A734FD004F5711 /* GoogleService-Info.plist in Resources */,
				C4E979B02289BAE700DBA0DD /* ThirdItem.storyboard in Resources */,
				C4E979C02289BCCE00DBA0DD /* LoadingCell.xib in Resources */,
				C4B577492289F69A00C0643C /* Localizable.strings in Resources */,
				C479AEF0207E6F1D00B8A1C9 /* Main.storyboard in Resources */,
				C4E979B92289BC3500DBA0DD /* LibraryCell.xib in Resources */,
				C43E132820AB8F9B0008A275 /* Assets.xcassets in Resources */,
				C479AF01207E719F00B8A1C9 /* SecondItem.storyboard in Resources */,
			);
			runOnlyForDeploymentPostprocessing = 0;
		};
/* End PBXResourcesBuildPhase section */

/* Begin PBXShellScriptBuildPhase section */
		521784F9728DBC3F6D86AB72 /* [CP] Check Pods Manifest.lock */ = {
			isa = PBXShellScriptBuildPhase;
			buildActionMask = 2147483647;
			files = (
			);
			inputPaths = (
				"${PODS_PODFILE_DIR_PATH}/Podfile.lock",
				"${PODS_ROOT}/Manifest.lock",
			);
			name = "[CP] Check Pods Manifest.lock";
			outputPaths = (
				"$(DERIVED_FILE_DIR)/Pods-CinemaAdvice-checkManifestLockResult.txt",
			);
			runOnlyForDeploymentPostprocessing = 0;
			shellPath = /bin/sh;
			shellScript = "diff \"${PODS_PODFILE_DIR_PATH}/Podfile.lock\" \"${PODS_ROOT}/Manifest.lock\" > /dev/null\nif [ $? != 0 ] ; then\n    # print error to STDERR\n    echo \"error: The sandbox is not in sync with the Podfile.lock. Run 'pod install' or update your CocoaPods installation.\" >&2\n    exit 1\nfi\n# This output is used by Xcode 'outputs' to avoid re-running this script phase.\necho \"SUCCESS\" > \"${SCRIPT_OUTPUT_FILE_0}\"\n";
			showEnvVarsInLog = 0;
		};
/* End PBXShellScriptBuildPhase section */

/* Begin PBXSourcesBuildPhase section */
		C479AEE1207E6F1D00B8A1C9 /* Sources */ = {
			isa = PBXSourcesBuildPhase;
			buildActionMask = 2147483647;
			files = (
				C4CB6B2E208A24D900596266 /* DetailViewController.swift in Sources */,
				C4CB6B30208A59ED00596266 /* SearchCollectionReusableView.swift in Sources */,
				C4E6C3AC20AADACB0038F5F7 /* GenresViewController.swift in Sources */,
				C42B28FF20ACB12E00D65452 /* LoginViewController.swift in Sources */,
				C4C874AF20ACB4F8007B4A27 /* User.swift in Sources */,
				C4CB6B36208B4E2200596266 /* SelectionResultViewController.swift in Sources */,
				C45DBA1720A75FA1004F5711 /* SearchResultFire.swift in Sources */,
				C479AF11207E8D3100B8A1C9 /* UIImageView+DownloadImage.swift in Sources */,
				C479AEED207E6F1D00B8A1C9 /* SecondViewController.swift in Sources */,
				C479AEE9207E6F1D00B8A1C9 /* AppDelegate.swift in Sources */,
				C479AF05207E73FA00B8A1C9 /* ThirdViewController.swift in Sources */,
				C44E04F0208DD5770017D408 /* ButtonAnimationExtension.swift in Sources */,
				C479AEEB207E6F1D00B8A1C9 /* FirstViewController.swift in Sources */,
				C479AF17207F428100B8A1C9 /* SearchResultCell.swift in Sources */,
				C479AF0F207E8D3100B8A1C9 /* LibraryCell.swift in Sources */,
				C45DBA1920A84B81004F5711 /* FiltersViewController.swift in Sources */,
			);
			runOnlyForDeploymentPostprocessing = 0;
		};
/* End PBXSourcesBuildPhase section */

/* Begin PBXVariantGroup section */
		C479AEEE207E6F1D00B8A1C9 /* Main.storyboard */ = {
			isa = PBXVariantGroup;
			children = (
				C479AEEF207E6F1D00B8A1C9 /* Base */,
				C44FFEED2288C6D00010B5B0 /* en */,
				C43C81FF22897505007A9973 /* ru */,
			);
			name = Main.storyboard;
			sourceTree = "<group>";
		};
		C479AEFF207E719F00B8A1C9 /* SecondItem.storyboard */ = {
			isa = PBXVariantGroup;
			children = (
				C479AF00207E719F00B8A1C9 /* Base */,
				C4E979AD2289B85600DBA0DD /* en */,
				C4E979AF2289B8BF00DBA0DD /* ru */,
			);
			name = SecondItem.storyboard;
			sourceTree = "<group>";
		};
		C4B5774B2289F69A00C0643C /* Localizable.strings */ = {
			isa = PBXVariantGroup;
			children = (
				C4B5774A2289F69A00C0643C /* en */,
				C4B5774D2289F75600C0643C /* ru */,
			);
			name = Localizable.strings;
			sourceTree = "<group>";
		};
		C4B577532289FB3E00C0643C /* LaunchScreen.storyboard */ = {
			isa = PBXVariantGroup;
			children = (
				C4B577572289FBBB00C0643C /* Base */,
				C4B577582289FBC800C0643C /* en */,
				C4B577592289FBCD00C0643C /* ru */,
			);
			name = LaunchScreen.storyboard;
			sourceTree = "<group>";
		};
		C4E979B22289BAE700DBA0DD /* ThirdItem.storyboard */ = {
			isa = PBXVariantGroup;
			children = (
				C4E979B12289BAE700DBA0DD /* Base */,
				C4E979B62289BB5900DBA0DD /* en */,
				C4E979B82289BB6300DBA0DD /* ru */,
			);
			name = ThirdItem.storyboard;
			sourceTree = "<group>";
		};
		C4E979BB2289BC3500DBA0DD /* LibraryCell.xib */ = {
			isa = PBXVariantGroup;
			children = (
				C4E979BA2289BC3500DBA0DD /* Base */,
				C4E979BD2289BC3700DBA0DD /* en */,
				C4E979BF2289BC4000DBA0DD /* ru */,
			);
			name = LibraryCell.xib;
			sourceTree = "<group>";
		};
		C4E979C22289BCCE00DBA0DD /* LoadingCell.xib */ = {
			isa = PBXVariantGroup;
			children = (
				C4E979C12289BCCE00DBA0DD /* Base */,
				C4E979C42289BCD700DBA0DD /* en */,
				C4E979C62289BCF700DBA0DD /* ru */,
			);
			name = LoadingCell.xib;
			sourceTree = "<group>";
		};
		C4E979CD2289BD6A00DBA0DD /* NothingFoundCell.xib */ = {
			isa = PBXVariantGroup;
			children = (
				C4E979CC2289BD6A00DBA0DD /* Base */,
				C4E979CF2289BD6D00DBA0DD /* en */,
				C4E979D12289BD6F00DBA0DD /* ru */,
			);
			name = NothingFoundCell.xib;
			sourceTree = "<group>";
		};
/* End PBXVariantGroup section */

/* Begin XCBuildConfiguration section */
		C479AEF7207E6F1F00B8A1C9 /* Debug */ = {
			isa = XCBuildConfiguration;
			buildSettings = {
				ALWAYS_SEARCH_USER_PATHS = NO;
				CLANG_ANALYZER_LOCALIZABILITY_NONLOCALIZED = YES;
				CLANG_ANALYZER_NONNULL = YES;
				CLANG_ANALYZER_NUMBER_OBJECT_CONVERSION = YES_AGGRESSIVE;
				CLANG_CXX_LANGUAGE_STANDARD = "gnu++14";
				CLANG_CXX_LIBRARY = "libc++";
				CLANG_ENABLE_MODULES = YES;
				CLANG_ENABLE_OBJC_ARC = YES;
				CLANG_ENABLE_OBJC_WEAK = YES;
				CLANG_WARN_BLOCK_CAPTURE_AUTORELEASING = YES;
				CLANG_WARN_BOOL_CONVERSION = YES;
				CLANG_WARN_COMMA = YES;
				CLANG_WARN_CONSTANT_CONVERSION = YES;
				CLANG_WARN_DEPRECATED_OBJC_IMPLEMENTATIONS = YES;
				CLANG_WARN_DIRECT_OBJC_ISA_USAGE = YES_ERROR;
				CLANG_WARN_DOCUMENTATION_COMMENTS = YES;
				CLANG_WARN_EMPTY_BODY = YES;
				CLANG_WARN_ENUM_CONVERSION = YES;
				CLANG_WARN_INFINITE_RECURSION = YES;
				CLANG_WARN_INT_CONVERSION = YES;
				CLANG_WARN_NON_LITERAL_NULL_CONVERSION = YES;
				CLANG_WARN_OBJC_IMPLICIT_RETAIN_SELF = YES;
				CLANG_WARN_OBJC_LITERAL_CONVERSION = YES;
				CLANG_WARN_OBJC_ROOT_CLASS = YES_ERROR;
				CLANG_WARN_RANGE_LOOP_ANALYSIS = YES;
				CLANG_WARN_STRICT_PROTOTYPES = YES;
				CLANG_WARN_SUSPICIOUS_MOVE = YES;
				CLANG_WARN_UNGUARDED_AVAILABILITY = YES_AGGRESSIVE;
				CLANG_WARN_UNREACHABLE_CODE = YES;
				CLANG_WARN__DUPLICATE_METHOD_MATCH = YES;
				CODE_SIGN_IDENTITY = "iPhone Developer";
				COPY_PHASE_STRIP = NO;
				DEBUG_INFORMATION_FORMAT = dwarf;
				ENABLE_STRICT_OBJC_MSGSEND = YES;
				ENABLE_TESTABILITY = YES;
				GCC_C_LANGUAGE_STANDARD = gnu11;
				GCC_DYNAMIC_NO_PIC = NO;
				GCC_NO_COMMON_BLOCKS = YES;
				GCC_OPTIMIZATION_LEVEL = 0;
				GCC_PREPROCESSOR_DEFINITIONS = (
					"DEBUG=1",
					"$(inherited)",
				);
				GCC_WARN_64_TO_32_BIT_CONVERSION = YES;
				GCC_WARN_ABOUT_RETURN_TYPE = YES_ERROR;
				GCC_WARN_UNDECLARED_SELECTOR = YES;
				GCC_WARN_UNINITIALIZED_AUTOS = YES_AGGRESSIVE;
				GCC_WARN_UNUSED_FUNCTION = YES;
				GCC_WARN_UNUSED_VARIABLE = YES;
				IPHONEOS_DEPLOYMENT_TARGET = 14.0;
				MTL_ENABLE_DEBUG_INFO = YES;
				ONLY_ACTIVE_ARCH = YES;
				SDKROOT = iphoneos;
				SWIFT_ACTIVE_COMPILATION_CONDITIONS = DEBUG;
				SWIFT_OPTIMIZATION_LEVEL = "-Onone";
			};
			name = Debug;
		};
		C479AEF8207E6F1F00B8A1C9 /* Release */ = {
			isa = XCBuildConfiguration;
			buildSettings = {
				ALWAYS_SEARCH_USER_PATHS = NO;
				CLANG_ANALYZER_LOCALIZABILITY_NONLOCALIZED = YES;
				CLANG_ANALYZER_NONNULL = YES;
				CLANG_ANALYZER_NUMBER_OBJECT_CONVERSION = YES_AGGRESSIVE;
				CLANG_CXX_LANGUAGE_STANDARD = "gnu++14";
				CLANG_CXX_LIBRARY = "libc++";
				CLANG_ENABLE_MODULES = YES;
				CLANG_ENABLE_OBJC_ARC = YES;
				CLANG_ENABLE_OBJC_WEAK = YES;
				CLANG_WARN_BLOCK_CAPTURE_AUTORELEASING = YES;
				CLANG_WARN_BOOL_CONVERSION = YES;
				CLANG_WARN_COMMA = YES;
				CLANG_WARN_CONSTANT_CONVERSION = YES;
				CLANG_WARN_DEPRECATED_OBJC_IMPLEMENTATIONS = YES;
				CLANG_WARN_DIRECT_OBJC_ISA_USAGE = YES_ERROR;
				CLANG_WARN_DOCUMENTATION_COMMENTS = YES;
				CLANG_WARN_EMPTY_BODY = YES;
				CLANG_WARN_ENUM_CONVERSION = YES;
				CLANG_WARN_INFINITE_RECURSION = YES;
				CLANG_WARN_INT_CONVERSION = YES;
				CLANG_WARN_NON_LITERAL_NULL_CONVERSION = YES;
				CLANG_WARN_OBJC_IMPLICIT_RETAIN_SELF = YES;
				CLANG_WARN_OBJC_LITERAL_CONVERSION = YES;
				CLANG_WARN_OBJC_ROOT_CLASS = YES_ERROR;
				CLANG_WARN_RANGE_LOOP_ANALYSIS = YES;
				CLANG_WARN_STRICT_PROTOTYPES = YES;
				CLANG_WARN_SUSPICIOUS_MOVE = YES;
				CLANG_WARN_UNGUARDED_AVAILABILITY = YES_AGGRESSIVE;
				CLANG_WARN_UNREACHABLE_CODE = YES;
				CLANG_WARN__DUPLICATE_METHOD_MATCH = YES;
				CODE_SIGN_IDENTITY = "iPhone Developer";
				COPY_PHASE_STRIP = NO;
				DEBUG_INFORMATION_FORMAT = "dwarf-with-dsym";
				ENABLE_NS_ASSERTIONS = NO;
				ENABLE_STRICT_OBJC_MSGSEND = YES;
				GCC_C_LANGUAGE_STANDARD = gnu11;
				GCC_NO_COMMON_BLOCKS = YES;
				GCC_WARN_64_TO_32_BIT_CONVERSION = YES;
				GCC_WARN_ABOUT_RETURN_TYPE = YES_ERROR;
				GCC_WARN_UNDECLARED_SELECTOR = YES;
				GCC_WARN_UNINITIALIZED_AUTOS = YES_AGGRESSIVE;
				GCC_WARN_UNUSED_FUNCTION = YES;
				GCC_WARN_UNUSED_VARIABLE = YES;
				IPHONEOS_DEPLOYMENT_TARGET = 14.0;
				MTL_ENABLE_DEBUG_INFO = NO;
				SDKROOT = iphoneos;
				SWIFT_COMPILATION_MODE = wholemodule;
				SWIFT_OPTIMIZATION_LEVEL = "-O";
				VALIDATE_PRODUCT = YES;
			};
			name = Release;
		};
		C479AEFA207E6F1F00B8A1C9 /* Debug */ = {
			isa = XCBuildConfiguration;
			baseConfigurationReference = EF0A3B6CEF04D9352D4A82A2 /* Pods-CinemaAdvice.debug.xcconfig */;
			buildSettings = {
				ASSETCATALOG_COMPILER_APPICON_NAME = AppIcon;
				CODE_SIGN_ENTITLEMENTS = CinemaAdvice/CinemaAdvice.entitlements;
				CODE_SIGN_STYLE = Automatic;
				DEVELOPMENT_TEAM = 9SF9U67JP6;
				INFOPLIST_FILE = CinemaAdvice/Info.plist;
				LD_RUNPATH_SEARCH_PATHS = (
					"$(inherited)",
					"@executable_path/Frameworks",
				);
				PRODUCT_BUNDLE_IDENTIFIER = com.Eugene.CinemaAdvice;
				PRODUCT_NAME = "$(TARGET_NAME)";
				SWIFT_VERSION = 5.0;
				TARGETED_DEVICE_FAMILY = "1,2";
			};
			name = Debug;
		};
		C479AEFB207E6F1F00B8A1C9 /* Release */ = {
			isa = XCBuildConfiguration;
			baseConfigurationReference = DFA67476831D07E8A9804353 /* Pods-CinemaAdvice.release.xcconfig */;
			buildSettings = {
				ASSETCATALOG_COMPILER_APPICON_NAME = AppIcon;
				CODE_SIGN_ENTITLEMENTS = CinemaAdvice/CinemaAdvice.entitlements;
				CODE_SIGN_STYLE = Automatic;
				DEVELOPMENT_TEAM = 9SF9U67JP6;
				INFOPLIST_FILE = CinemaAdvice/Info.plist;
				LD_RUNPATH_SEARCH_PATHS = (
					"$(inherited)",
					"@executable_path/Frameworks",
				);
				PRODUCT_BUNDLE_IDENTIFIER = com.Eugene.CinemaAdvice;
				PRODUCT_NAME = "$(TARGET_NAME)";
				SWIFT_VERSION = 5.0;
				TARGETED_DEVICE_FAMILY = "1,2";
			};
			name = Release;
		};
/* End XCBuildConfiguration section */

/* Begin XCConfigurationList section */
		C479AEE0207E6F1D00B8A1C9 /* Build configuration list for PBXProject "CinemaAdvice" */ = {
			isa = XCConfigurationList;
			buildConfigurations = (
				C479AEF7207E6F1F00B8A1C9 /* Debug */,
				C479AEF8207E6F1F00B8A1C9 /* Release */,
			);
			defaultConfigurationIsVisible = 0;
			defaultConfigurationName = Release;
		};
		C479AEF9207E6F1F00B8A1C9 /* Build configuration list for PBXNativeTarget "CinemaAdvice" */ = {
			isa = XCConfigurationList;
			buildConfigurations = (
				C479AEFA207E6F1F00B8A1C9 /* Debug */,
				C479AEFB207E6F1F00B8A1C9 /* Release */,
			);
			defaultConfigurationIsVisible = 0;
			defaultConfigurationName = Release;
		};
/* End XCConfigurationList section */
	};
	rootObject = C479AEDD207E6F1D00B8A1C9 /* Project object */;
}
